
Microsoft Visual Studio Solution File, Format Version 12.00
# Visual Studio 15
VisualStudioVersion = 15.0.27428.2005
MinimumVisualStudioVersion = 10.0.40219.1
Project("{FAE04EC0-301F-11D3-BF4B-00C04F79EFBC}") = "MultiTenantCore", "MultiTenantCore\MultiTenantCore.csproj", "{801A03DE-C9DA-4961-A537-5A7C17D831D7}"
EndProject
Project("{FAE04EC0-301F-11D3-BF4B-00C04F79EFBC}") = "TestingMultiTenantCore", "TestingMultiTenantCore\TestingMultiTenantCore.csproj", "{A62F1A2D-4C40-413D-8610-EA32461250D3}"
EndProject
Global
	GlobalSection(SolutionConfigurationPlatforms) = preSolution
		Debug|Any CPU = Debug|Any CPU
		Release|Any CPU = Release|Any CPU
	EndGlobalSection
	GlobalSection(ProjectConfigurationPlatforms) = postSolution
		{801A03DE-C9DA-4961-A537-5A7C17D831D7}.Debug|Any CPU.ActiveCfg = Debug|Any CPU
		{801A03DE-C9DA-4961-A537-5A7C17D831D7}.Debug|Any CPU.Build.0 = Debug|Any CPU
		{801A03DE-C9DA-4961-A537-5A7C17D831D7}.Release|Any CPU.ActiveCfg = Release|Any CPU
		{801A03DE-C9DA-4961-A537-5A7C17D831D7}.Release|Any CPU.Build.0 = Release|Any CPU
		{A62F1A2D-4C40-413D-8610-EA32461250D3}.Debug|Any CPU.ActiveCfg = Debug|Any CPU
		{A62F1A2D-4C40-413D-8610-EA32461250D3}.Debug|Any CPU.Build.0 = Debug|Any CPU
		{A62F1A2D-4C40-413D-8610-EA32461250D3}.Release|Any CPU.ActiveCfg = Release|Any CPU
		{A62F1A2D-4C40-413D-8610-EA32461250D3}.Release|Any CPU.Build.0 = Release|Any CPU
	EndGlobalSection
	GlobalSection(SolutionProperties) = preSolution
		HideSolutionNode = FALSE
	EndGlobalSection
	GlobalSection(ExtensibilityGlobals) = postSolution
		SolutionGuid = {B29D620A-5D64-41F3-B691-017C3E2E3C2F}
	EndGlobalSection
EndGlobal
